<?xml version="1.0" encoding="utf-8"?>
<Project ToolsVersion="4.0" xmlns="http://schemas.microsoft.com/developer/msbuild/2003">
  <ItemGroup>
    <Filter Include="Source Files">
      <UniqueIdentifier>{4FC737F1-C7A5-4376-A066-2A32D752A2FF}</UniqueIdentifier>
      <Extensions>cpp;c;cc;cxx;def;odl;idl;hpj;bat;asm;asmx</Extensions>
    </Filter>
    <Filter Include="Header Files">
      <UniqueIdentifier>{93995380-89BD-4b04-88EB-625FBE52EBFB}</UniqueIdentifier>
      <Extensions>h;hh;hpp;hxx;hm;inl;inc;xsd</Extensions>
    </Filter>
    <Filter Include="Resource Files">
      <UniqueIdentifier>{67DA6AB6-F800-4c08-8B7A-83BB121AAD01}</UniqueIdentifier>
      <Extensions>rc;ico;cur;bmp;dlg;rc2;rct;bin;rgs;gif;jpg;jpeg;jpe;resx;tiff;tif;png;wav;mfcribbon-ms</Extensions>
    </Filter>
    <Filter Include="Header Files\Console Printer">
      <UniqueIdentifier>{15bd1066-6ef8-4c98-bf59-0414b00aff4a}</UniqueIdentifier>
    </Filter>
    <Filter Include="Source Files\Console Printer">
      <UniqueIdentifier>{34083801-b1fb-4947-8dab-6ee8b47f03ef}</UniqueIdentifier>
    </Filter>
    <Filter Include="Source Files\Views">
      <UniqueIdentifier>{dd4da4d3-9f93-4359-b1dd-cf15f9c3d9d9}</UniqueIdentifier>
    </Filter>
    <Filter Include="Header Files\Views">
      <UniqueIdentifier>{3a194c95-c123-4352-8dca-c50dbb8ffe6a}</UniqueIdentifier>
    </Filter>
  </ItemGroup>
  <ItemGroup>
    <ClCompile Include="Printer.cpp">
      <Filter>Source Files\Console Printer</Filter>
    </ClCompile>
    <ClCompile Include="Utils.cpp">
      <Filter>Source Files</Filter>
    </ClCompile>
    <ClCompile Include="FieldView.cpp">
      <Filter>Source Files\Views</Filter>
    </ClCompile>
    <ClCompile Include="HightScores.cpp">
      <Filter>Source Files\Views</Filter>
    </ClCompile>
    <ClCompile Include="ResultView.cpp">
      <Filter>Source Files\Views</Filter>
    </ClCompile>
    <ClCompile Include="StartView.cpp">
      <Filter>Source Files\Views</Filter>
    </ClCompile>
    <ClCompile Include="artificialIntelligence.cpp">
      <Filter>Source Files</Filter>
    </ClCompile>
    <ClCompile Include="Main.cpp">
      <Filter>Source Files</Filter>
    </ClCompile>
    <ClCompile Include="DifficultyView.cpp">
      <Filter>Source Files\Views</Filter>
    </ClCompile>
    <ClCompile Include="Scores.cpp">
      <Filter>Source Files</Filter>
    </ClCompile>
    <ClCompile Include="Cell.cpp">
      <Filter>Source Files\Views</Filter>
    </ClCompile>
  </ItemGroup>
  <ItemGroup>
    <ClInclude Include="Printer.h">
      <Filter>Header Files\Console Printer</Filter>
    </ClInclude>
    <ClInclude Include="Color.h">
      <Filter>Header Files\Console Printer</Filter>
    </ClInclude>
    <ClInclude Include="FieldView.h">
      <Filter>Header Files\Views</Filter>
    </ClInclude>
    <ClInclude Include="HightScoresView.h">
      <Filter>Header Files\Views</Filter>
    </ClInclude>
    <ClInclude Include="ResultView.h">
      <Filter>Header Files\Views</Filter>
    </ClInclude>
    <ClInclude Include="StartView.h">
      <Filter>Header Files\Views</Filter>
    </ClInclude>
    <ClInclude Include="View.h">
      <Filter>Header Files\Views</Filter>
    </ClInclude>
    <ClInclude Include="Utils.h">
      <Filter>Header Files</Filter>
    </ClInclude>
    <ClInclude Include="artificialIntelligence.h">
      <Filter>Header Files</Filter>
    </ClInclude>
    <ClInclude Include="DifficultyView.h">
      <Filter>Header Files\Views</Filter>
    </ClInclude>
    <ClInclude Include="Scores.h">
      <Filter>Header Files</Filter>
    </ClInclude>
    <ClInclude Include="Cell.h">
      <Filter>Header Files\Views</Filter>
    </ClInclude>
  </ItemGroup>
  <ItemGroup>
    <Text Include="HightScores.txt">
      <Filter>Resource Files</Filter>
    </Text>
  </ItemGroup>
</Project>