<?xml version="1.0" encoding="utf-8"?>
<Project ToolsVersion="4.0" xmlns="http://schemas.microsoft.com/developer/msbuild/2003">
  <ItemGroup>
    <Filter Include="Source Files">
      <UniqueIdentifier>{4FC737F1-C7A5-4376-A066-2A32D752A2FF}</UniqueIdentifier>
      <Extensions>cpp;c;cc;cxx;def;odl;idl;hpj;bat;asm;asmx</Extensions>
    </Filter>
    <Filter Include="Header Files">
      <UniqueIdentifier>{93995380-89BD-4b04-88EB-625FBE52EBFB}</UniqueIdentifier>
      <Extensions>h;hh;hpp;hxx;hm;inl;inc;xsd</Extensions>
    </Filter>
    <Filter Include="Resource Files">
      <UniqueIdentifier>{67DA6AB6-F800-4c08-8B7A-83BB121AAD01}</UniqueIdentifier>
      <Extensions>rc;ico;cur;bmp;dlg;rc2;rct;bin;rgs;gif;jpg;jpeg;jpe;resx;tiff;tif;png;wav;mfcribbon-ms</Extensions>
    </Filter>
    <Filter Include="Header Files\Views">
      <UniqueIdentifier>{c401195b-e2f7-4d8c-a44f-d2b4c585b0e9}</UniqueIdentifier>
    </Filter>
    <Filter Include="Header Files\ConsoleUtils">
      <UniqueIdentifier>{cf0911ea-6d4f-4f92-b885-f8ed5b43f4ca}</UniqueIdentifier>
    </Filter>
    <Filter Include="Source Files\ConsoleUtils">
      <UniqueIdentifier>{0435378b-7f52-461d-b3ea-7c796379b364}</UniqueIdentifier>
    </Filter>
    <Filter Include="Source Files\Views">
      <UniqueIdentifier>{8e844b1b-ab57-46ca-aa4d-041e96fca677}</UniqueIdentifier>
    </Filter>
    <Filter Include="Header Files\NetworkUtils">
      <UniqueIdentifier>{6576d000-06de-45ca-81a7-5be37359231b}</UniqueIdentifier>
    </Filter>
    <Filter Include="Source Files\NetworkUtils">
      <UniqueIdentifier>{a3962dba-c94b-4212-a84a-5c521ae03688}</UniqueIdentifier>
    </Filter>
  </ItemGroup>
  <ItemGroup>
    <ClCompile Include="Main.cpp">
      <Filter>Source Files</Filter>
    </ClCompile>
    <ClCompile Include="Printer.cpp">
      <Filter>Source Files\ConsoleUtils</Filter>
    </ClCompile>
    <ClCompile Include="StartView.cpp">
      <Filter>Source Files\Views</Filter>
    </ClCompile>
    <ClCompile Include="ExternUtils.cpp">
      <Filter>Source Files</Filter>
    </ClCompile>
    <ClCompile Include="ConsoleUtils.cpp">
      <Filter>Source Files\ConsoleUtils</Filter>
    </ClCompile>
    <ClCompile Include="OptionSelector.cpp">
      <Filter>Source Files</Filter>
    </ClCompile>
    <ClCompile Include="OptionsView.cpp">
      <Filter>Source Files\Views</Filter>
    </ClCompile>
    <ClCompile Include="HScoreFileManager.cpp">
      <Filter>Source Files</Filter>
    </ClCompile>
    <ClCompile Include="HScoreView.cpp">
      <Filter>Source Files\Views</Filter>
    </ClCompile>
    <ClCompile Include="Field.cpp">
      <Filter>Source Files</Filter>
    </ClCompile>
    <ClCompile Include="FieldView.cpp">
      <Filter>Source Files\Views</Filter>
    </ClCompile>
    <ClCompile Include="RoomsView.cpp">
      <Filter>Source Files\Views</Filter>
    </ClCompile>
    <ClCompile Include="Response.cpp">
      <Filter>Source Files\NetworkUtils</Filter>
    </ClCompile>
    <ClCompile Include="ServerManager.cpp">
      <Filter>Source Files\NetworkUtils</Filter>
    </ClCompile>
    <ClCompile Include="ShipManager.cpp">
      <Filter>Source Files</Filter>
    </ClCompile>
    <ClCompile Include="ResultView.cpp">
      <Filter>Source Files\Views</Filter>
    </ClCompile>
  </ItemGroup>
  <ItemGroup>
    <None Include="packages.config" />
  </ItemGroup>
  <ItemGroup>
    <ClInclude Include="StartView.h">
      <Filter>Header Files\Views</Filter>
    </ClInclude>
    <ClInclude Include="View.h">
      <Filter>Header Files\Views</Filter>
    </ClInclude>
    <ClInclude Include="ExternUtils.h">
      <Filter>Header Files</Filter>
    </ClInclude>
    <ClInclude Include="ConsoleUtils.h">
      <Filter>Header Files\ConsoleUtils</Filter>
    </ClInclude>
    <ClInclude Include="Color.h">
      <Filter>Header Files\ConsoleUtils</Filter>
    </ClInclude>
    <ClInclude Include="Printer.h">
      <Filter>Header Files\ConsoleUtils</Filter>
    </ClInclude>
    <ClInclude Include="OptionSelector.h">
      <Filter>Header Files</Filter>
    </ClInclude>
    <ClInclude Include="OptionsView.h">
      <Filter>Header Files\Views</Filter>
    </ClInclude>
    <ClInclude Include="HScoreView.h">
      <Filter>Header Files\Views</Filter>
    </ClInclude>
    <ClInclude Include="HScoreFileManager.h">
      <Filter>Header Files</Filter>
    </ClInclude>
    <ClInclude Include="FieldView.h">
      <Filter>Header Files\Views</Filter>
    </ClInclude>
    <ClInclude Include="Field.h">
      <Filter>Header Files</Filter>
    </ClInclude>
    <ClInclude Include="ServerManager.h">
      <Filter>Header Files\NetworkUtils</Filter>
    </ClInclude>
    <ClInclude Include="RoomsView.h">
      <Filter>Header Files\Views</Filter>
    </ClInclude>
    <ClInclude Include="Response.h">
      <Filter>Header Files\NetworkUtils</Filter>
    </ClInclude>
    <ClInclude Include="ShipManager.h">
      <Filter>Header Files</Filter>
    </ClInclude>
    <ClInclude Include="ResultView.h">
      <Filter>Header Files\Views</Filter>
    </ClInclude>
  </ItemGroup>
  <ItemGroup>
    <Text Include="Scores.txt">
      <Filter>Resource Files</Filter>
    </Text>
  </ItemGroup>
</Project>