
Microsoft Visual Studio Solution File, Format Version 12.00
# Visual Studio 2012
Project("{8BC9CEB8-8B4A-11D0-8D11-00A0C91BC942}") = "T-T-T", "T-T-T\T-T-T.vcxproj", "{228D371E-0B65-4F00-A674-3AF77556A8AC}"
EndProject
Global
	GlobalSection(SolutionConfigurationPlatforms) = preSolution
		Debug|Win32 = Debug|Win32
		Release|Win32 = Release|Win32
	EndGlobalSection
	GlobalSection(ProjectConfigurationPlatforms) = postSolution
		{228D371E-0B65-4F00-A674-3AF77556A8AC}.Debug|Win32.ActiveCfg = Debug|Win32
		{228D371E-0B65-4F00-A674-3AF77556A8AC}.Debug|Win32.Build.0 = Debug|Win32
		{228D371E-0B65-4F00-A674-3AF77556A8AC}.Release|Win32.ActiveCfg = Release|Win32
		{228D371E-0B65-4F00-A674-3AF77556A8AC}.Release|Win32.Build.0 = Release|Win32
	EndGlobalSection
	GlobalSection(SolutionProperties) = preSolution
		HideSolutionNode = FALSE
	EndGlobalSection
EndGlobal
