
Microsoft Visual Studio Solution File, Format Version 12.00
# Visual Studio Express 2013 for Windows Desktop
VisualStudioVersion = 12.0.21005.1
MinimumVisualStudioVersion = 10.0.40219.1
Project("{8BC9CEB8-8B4A-11D0-8D11-00A0C91BC942}") = "Hangman", "Hangman\Hangman.vcxproj", "{A5DC8673-C4DC-4DF0-BB29-31C7250AB389}"
EndProject
Global
	GlobalSection(SolutionConfigurationPlatforms) = preSolution
		Debug|Win32 = Debug|Win32
		Release|Win32 = Release|Win32
	EndGlobalSection
	GlobalSection(ProjectConfigurationPlatforms) = postSolution
		{4A67B6F7-F56A-4BD5-9DC9-3D5A39C1CC28}.Debug|Win32.ActiveCfg = Debug|Win32
		{4A67B6F7-F56A-4BD5-9DC9-3D5A39C1CC28}.Debug|Win32.Build.0 = Debug|Win32
		{4A67B6F7-F56A-4BD5-9DC9-3D5A39C1CC28}.Release|Win32.ActiveCfg = Release|Win32
		{4A67B6F7-F56A-4BD5-9DC9-3D5A39C1CC28}.Release|Win32.Build.0 = Release|Win32
	EndGlobalSection
	GlobalSection(SolutionProperties) = preSolution
		HideSolutionNode = FALSE
	EndGlobalSection
EndGlobal
