
Microsoft Visual Studio Solution File, Format Version 12.00
# Visual Studio 14
VisualStudioVersion = 14.0.24720.0
MinimumVisualStudioVersion = 10.0.40219.1
Project("{c90935da-5e2b-4f79-a3d9-358dea9b7436") = "XO", "XO\XO.vcxproj", "{de78e7f4-3888-4419-afbc-62c19895ebc1}"
EndProject
Global
	GlobalSection(SolutionConfigurationPlatforms) = preSolution
		Debug|x64 = Debug|x64
		Debug|x86 = Debug|x86
		Release|x64 = Release|x64
		Release|x86 = Release|x86
	EndGlobalSection
	GlobalSection(ProjectConfigurationPlatforms) = postSolution
		{de78e7f4-3888-4419-afbc-62c19895ebc1}.Debug|x64.ActiveCfg = Debug|x64
		{de78e7f4-3888-4419-afbc-62c19895ebc1}.Debug|x64.Build.0 = Debug|x64
		{de78e7f4-3888-4419-afbc-62c19895ebc1}.Debug|x86.ActiveCfg = Debug|Win32
		{de78e7f4-3888-4419-afbc-62c19895ebc1}.Debug|x86.Build.0 = Debug|Win32
		{de78e7f4-3888-4419-afbc-62c19895ebc1}.Release|x64.ActiveCfg = Release|x64
		{de78e7f4-3888-4419-afbc-62c19895ebc1}.Release|x64.Build.0 = Release|x64
		{de78e7f4-3888-4419-afbc-62c19895ebc1}.Release|x86.ActiveCfg = Release|Win32
		{de78e7f4-3888-4419-afbc-62c19895ebc1}.Release|x86.Build.0 = Release|Win32
	EndGlobalSection
	GlobalSection(SolutionProperties) = preSolution
		HideSolutionNode = FALSE
	EndGlobalSection
EndGlobal