
Microsoft Visual Studio Solution File, Format Version 12.00
# Visual Studio 14
VisualStudioVersion = 14.0.24720.0
MinimumVisualStudioVersion = 10.0.40219.1
Project("{dd358b09-d1db-4a69-96ae-2573c4ee3b7d") = "Hangman", "Hangman\Hangman.vcxproj", "{5f478b71-d96b-448d-8c8c-670035f72185}"
EndProject
Global
	GlobalSection(SolutionConfigurationPlatforms) = preSolution
		Debug|x64 = Debug|x64
		Debug|x86 = Debug|x86
		Release|x64 = Release|x64
		Release|x86 = Release|x86
	EndGlobalSection
	GlobalSection(ProjectConfigurationPlatforms) = postSolution
		{5f478b71-d96b-448d-8c8c-670035f72185}.Debug|x64.ActiveCfg = Debug|x64
		{5f478b71-d96b-448d-8c8c-670035f72185}.Debug|x64.Build.0 = Debug|x64
		{5f478b71-d96b-448d-8c8c-670035f72185}.Debug|x86.ActiveCfg = Debug|Win32
		{5f478b71-d96b-448d-8c8c-670035f72185}.Debug|x86.Build.0 = Debug|Win32
		{5f478b71-d96b-448d-8c8c-670035f72185}.Release|x64.ActiveCfg = Release|x64
		{5f478b71-d96b-448d-8c8c-670035f72185}.Release|x64.Build.0 = Release|x64
		{5f478b71-d96b-448d-8c8c-670035f72185}.Release|x86.ActiveCfg = Release|Win32
		{5f478b71-d96b-448d-8c8c-670035f72185}.Release|x86.Build.0 = Release|Win32
	EndGlobalSection
	GlobalSection(SolutionProperties) = preSolution
		HideSolutionNode = FALSE
	EndGlobalSection
EndGlobal